
Microsoft Visual Studio Solution File, Format Version 12.00
# Visual Studio Version 16
VisualStudioVersion = 16.0.32126.315
MinimumVisualStudioVersion = 10.0.40219.1
Project("{FAE04EC0-301F-11D3-BF4B-00C04F79EFBC}") = "SereneProject.Web", "SereneProject\SereneProject.Web\SereneProject.Web.csproj", "{14D867BD-1E8E-4C75-A4FA-8FA03158B15E}"
EndProject
Global
	GlobalSection(SolutionConfigurationPlatforms) = preSolution
		Debug|Any CPU = Debug|Any CPU
		Release|Any CPU = Release|Any CPU
	EndGlobalSection
	GlobalSection(ProjectConfigurationPlatforms) = postSolution
		{14D867BD-1E8E-4C75-A4FA-8FA03158B15E}.Debug|Any CPU.ActiveCfg = Debug|Any CPU
		{14D867BD-1E8E-4C75-A4FA-8FA03158B15E}.Debug|Any CPU.Build.0 = Debug|Any CPU
		{14D867BD-1E8E-4C75-A4FA-8FA03158B15E}.Release|Any CPU.ActiveCfg = Release|Any CPU
		{14D867BD-1E8E-4C75-A4FA-8FA03158B15E}.Release|Any CPU.Build.0 = Release|Any CPU
	EndGlobalSection
	GlobalSection(SolutionProperties) = preSolution
		HideSolutionNode = FALSE
	EndGlobalSection
	GlobalSection(ExtensibilityGlobals) = postSolution
		SolutionGuid = {09D1C6B3-432D-48B1-8BE4-E8F0712FB55F}
	EndGlobalSection
EndGlobal
